// !$*UTF8*$!
{
	archiveVersion = 1;
	classes = {
	};
	objectVersion = 46;
	objects = {

/* Begin PBXBuildFile section */
		A8CE8C6D8633095B8C7779CE /* Pods_Demo_XMPP_iOS.framework in Frameworks */ = {isa = PBXBuildFile; fileRef = AF3921A9CB12F424F0A21FBD /* Pods_Demo_XMPP_iOS.framework */; settings = {ATTRIBUTES = (Weak, ); }; };
		DA9174901B6249AD009E3AF8 /* main.m in Sources */ = {isa = PBXBuildFile; fileRef = DA91748F1B6249AD009E3AF8 /* main.m */; };
		DA9174931B6249AD009E3AF8 /* AppDelegate.m in Sources */ = {isa = PBXBuildFile; fileRef = DA9174921B6249AD009E3AF8 /* AppDelegate.m */; };
		DA9174991B6249AD009E3AF8 /* Main.storyboard in Resources */ = {isa = PBXBuildFile; fileRef = DA9174971B6249AD009E3AF8 /* Main.storyboard */; };
		DA91749B1B6249AD009E3AF8 /* Images.xcassets in Resources */ = {isa = PBXBuildFile; fileRef = DA91749A1B6249AD009E3AF8 /* Images.xcassets */; };
		DA91749E1B6249AD009E3AF8 /* LaunchScreen.xib in Resources */ = {isa = PBXBuildFile; fileRef = DA91749C1B6249AD009E3AF8 /* LaunchScreen.xib */; };
		DA9174AA1B6249AD009E3AF8 /* Demo_XMPP_iOSTests.m in Sources */ = {isa = PBXBuildFile; fileRef = DA9174A91B6249AD009E3AF8 /* Demo_XMPP_iOSTests.m */; };
		DA9174B71B624DAF009E3AF8 /* HomeTableViewController.m in Sources */ = {isa = PBXBuildFile; fileRef = DA9174B41B624DAF009E3AF8 /* HomeTableViewController.m */; };
		DA9174B81B624DAF009E3AF8 /* LoginViewController.m in Sources */ = {isa = PBXBuildFile; fileRef = DA9174B61B624DAF009E3AF8 /* LoginViewController.m */; };
/* End PBXBuildFile section */

/* Begin PBXContainerItemProxy section */
		DA9174A41B6249AD009E3AF8 /* PBXContainerItemProxy */ = {
			isa = PBXContainerItemProxy;
			containerPortal = DA9174821B6249AD009E3AF8 /* Project object */;
			proxyType = 1;
			remoteGlobalIDString = DA9174891B6249AD009E3AF8;
			remoteInfo = "Demo-XMPP-iOS";
		};
/* End PBXContainerItemProxy section */

/* Begin PBXFileReference section */
		6745F71917135DB419E01493 /* Pods-Demo-XMPP-iOS.release.xcconfig */ = {isa = PBXFileReference; includeInIndex = 1; lastKnownFileType = text.xcconfig; name = "Pods-Demo-XMPP-iOS.release.xcconfig"; path = "Pods/Target Support Files/Pods-Demo-XMPP-iOS/Pods-Demo-XMPP-iOS.release.xcconfig"; sourceTree = "<group>"; };
		80FC0F308975C7C0BF3760AA /* Pods-Demo-XMPP-iOS.debug.xcconfig */ = {isa = PBXFileReference; includeInIndex = 1; lastKnownFileType = text.xcconfig; name = "Pods-Demo-XMPP-iOS.debug.xcconfig"; path = "Pods/Target Support Files/Pods-Demo-XMPP-iOS/Pods-Demo-XMPP-iOS.debug.xcconfig"; sourceTree = "<group>"; };
		AF3921A9CB12F424F0A21FBD /* Pods_Demo_XMPP_iOS.framework */ = {isa = PBXFileReference; explicitFileType = wrapper.framework; includeInIndex = 0; path = Pods_Demo_XMPP_iOS.framework; sourceTree = BUILT_PRODUCTS_DIR; };
		DA91748A1B6249AD009E3AF8 /* Demo-XMPP-iOS.app */ = {isa = PBXFileReference; explicitFileType = wrapper.application; includeInIndex = 0; path = "Demo-XMPP-iOS.app"; sourceTree = BUILT_PRODUCTS_DIR; };
		DA91748E1B6249AD009E3AF8 /* Info.plist */ = {isa = PBXFileReference; lastKnownFileType = text.plist.xml; path = Info.plist; sourceTree = "<group>"; };
		DA91748F1B6249AD009E3AF8 /* main.m */ = {isa = PBXFileReference; lastKnownFileType = sourcecode.c.objc; path = main.m; sourceTree = "<group>"; };
		DA9174911B6249AD009E3AF8 /* AppDelegate.h */ = {isa = PBXFileReference; lastKnownFileType = sourcecode.c.h; path = AppDelegate.h; sourceTree = "<group>"; };
		DA9174921B6249AD009E3AF8 /* AppDelegate.m */ = {isa = PBXFileReference; lastKnownFileType = sourcecode.c.objc; path = AppDelegate.m; sourceTree = "<group>"; };
		DA9174981B6249AD009E3AF8 /* Base */ = {isa = PBXFileReference; lastKnownFileType = file.storyboard; name = Base; path = Base.lproj/Main.storyboard; sourceTree = "<group>"; };
		DA91749A1B6249AD009E3AF8 /* Images.xcassets */ = {isa = PBXFileReference; lastKnownFileType = folder.assetcatalog; path = Images.xcassets; sourceTree = "<group>"; };
		DA91749D1B6249AD009E3AF8 /* Base */ = {isa = PBXFileReference; lastKnownFileType = file.xib; name = Base; path = Base.lproj/LaunchScreen.xib; sourceTree = "<group>"; };
		DA9174A31B6249AD009E3AF8 /* Demo-XMPP-iOSTests.xctest */ = {isa = PBXFileReference; explicitFileType = wrapper.cfbundle; includeInIndex = 0; path = "Demo-XMPP-iOSTests.xctest"; sourceTree = BUILT_PRODUCTS_DIR; };
		DA9174A81B6249AD009E3AF8 /* Info.plist */ = {isa = PBXFileReference; lastKnownFileType = text.plist.xml; path = Info.plist; sourceTree = "<group>"; };
		DA9174A91B6249AD009E3AF8 /* Demo_XMPP_iOSTests.m */ = {isa = PBXFileReference; lastKnownFileType = sourcecode.c.objc; path = Demo_XMPP_iOSTests.m; sourceTree = "<group>"; };
		DA9174B31B624DAF009E3AF8 /* HomeTableViewController.h */ = {isa = PBXFileReference; fileEncoding = 4; lastKnownFileType = sourcecode.c.h; path = HomeTableViewController.h; sourceTree = "<group>"; };
		DA9174B41B624DAF009E3AF8 /* HomeTableViewController.m */ = {isa = PBXFileReference; fileEncoding = 4; lastKnownFileType = sourcecode.c.objc; path = HomeTableViewController.m; sourceTree = "<group>"; };
		DA9174B51B624DAF009E3AF8 /* LoginViewController.h */ = {isa = PBXFileReference; fileEncoding = 4; lastKnownFileType = sourcecode.c.h; path = LoginViewController.h; sourceTree = "<group>"; };
		DA9174B61B624DAF009E3AF8 /* LoginViewController.m */ = {isa = PBXFileReference; fileEncoding = 4; lastKnownFileType = sourcecode.c.objc; path = LoginViewController.m; sourceTree = "<group>"; };
/* End PBXFileReference section */

/* Begin PBXFrameworksBuildPhase section */
		DA9174871B6249AD009E3AF8 /* Frameworks */ = {
			isa = PBXFrameworksBuildPhase;
			buildActionMask = 2147483647;
			files = (
				A8CE8C6D8633095B8C7779CE /* Pods_Demo_XMPP_iOS.framework in Frameworks */,
			);
			runOnlyForDeploymentPostprocessing = 0;
		};
		DA9174A01B6249AD009E3AF8 /* Frameworks */ = {
			isa = PBXFrameworksBuildPhase;
			buildActionMask = 2147483647;
			files = (
			);
			runOnlyForDeploymentPostprocessing = 0;
		};
/* End PBXFrameworksBuildPhase section */

/* Begin PBXGroup section */
		2900FBE051A0054BE30A4AEF /* Pods */ = {
			isa = PBXGroup;
			children = (
				80FC0F308975C7C0BF3760AA /* Pods-Demo-XMPP-iOS.debug.xcconfig */,
				6745F71917135DB419E01493 /* Pods-Demo-XMPP-iOS.release.xcconfig */,
			);
			name = Pods;
			sourceTree = "<group>";
		};
		DA9174811B6249AD009E3AF8 = {
			isa = PBXGroup;
			children = (
				DA91748C1B6249AD009E3AF8 /* Demo-XMPP-iOS */,
				DA9174A61B6249AD009E3AF8 /* Demo-XMPP-iOSTests */,
				DA91748B1B6249AD009E3AF8 /* Products */,
				2900FBE051A0054BE30A4AEF /* Pods */,
				FD0C40FBC158663F61FA9D5E /* Frameworks */,
			);
			sourceTree = "<group>";
		};
		DA91748B1B6249AD009E3AF8 /* Products */ = {
			isa = PBXGroup;
			children = (
				DA91748A1B6249AD009E3AF8 /* Demo-XMPP-iOS.app */,
				DA9174A31B6249AD009E3AF8 /* Demo-XMPP-iOSTests.xctest */,
			);
			name = Products;
			sourceTree = "<group>";
		};
		DA91748C1B6249AD009E3AF8 /* Demo-XMPP-iOS */ = {
			isa = PBXGroup;
			children = (
				DA9174911B6249AD009E3AF8 /* AppDelegate.h */,
				DA9174921B6249AD009E3AF8 /* AppDelegate.m */,
				DA9174B31B624DAF009E3AF8 /* HomeTableViewController.h */,
				DA9174B41B624DAF009E3AF8 /* HomeTableViewController.m */,
				DA9174B51B624DAF009E3AF8 /* LoginViewController.h */,
				DA9174B61B624DAF009E3AF8 /* LoginViewController.m */,
				DA9174971B6249AD009E3AF8 /* Main.storyboard */,
				DA91749A1B6249AD009E3AF8 /* Images.xcassets */,
				DA91749C1B6249AD009E3AF8 /* LaunchScreen.xib */,
				DA91748D1B6249AD009E3AF8 /* Supporting Files */,
			);
			path = "Demo-XMPP-iOS";
			sourceTree = "<group>";
		};
		DA91748D1B6249AD009E3AF8 /* Supporting Files */ = {
			isa = PBXGroup;
			children = (
				DA91748E1B6249AD009E3AF8 /* Info.plist */,
				DA91748F1B6249AD009E3AF8 /* main.m */,
			);
			name = "Supporting Files";
			sourceTree = "<group>";
		};
		DA9174A61B6249AD009E3AF8 /* Demo-XMPP-iOSTests */ = {
			isa = PBXGroup;
			children = (
				DA9174A91B6249AD009E3AF8 /* Demo_XMPP_iOSTests.m */,
				DA9174A71B6249AD009E3AF8 /* Supporting Files */,
			);
			path = "Demo-XMPP-iOSTests";
			sourceTree = "<group>";
		};
		DA9174A71B6249AD009E3AF8 /* Supporting Files */ = {
			isa = PBXGroup;
			children = (
				DA9174A81B6249AD009E3AF8 /* Info.plist */,
			);
			name = "Supporting Files";
			sourceTree = "<group>";
		};
		FD0C40FBC158663F61FA9D5E /* Frameworks */ = {
			isa = PBXGroup;
			children = (
				AF3921A9CB12F424F0A21FBD /* Pods_Demo_XMPP_iOS.framework */,
			);
			name = Frameworks;
			sourceTree = "<group>";
		};
/* End PBXGroup section */

/* Begin PBXNativeTarget section */
		DA9174891B6249AD009E3AF8 /* Demo-XMPP-iOS */ = {
			isa = PBXNativeTarget;
			buildConfigurationList = DA9174AD1B6249AD009E3AF8 /* Build configuration list for PBXNativeTarget "Demo-XMPP-iOS" */;
			buildPhases = (
				E8297025083C07D3C453143A /* Check Pods Manifest.lock */,
				DA9174861B6249AD009E3AF8 /* Sources */,
				DA9174871B6249AD009E3AF8 /* Frameworks */,
				DA9174881B6249AD009E3AF8 /* Resources */,
				D97D739B0924742C83323581 /* Embed Pods Frameworks */,
				7B586E8C9E8BA25535C022CE /* Copy Pods Resources */,
			);
			buildRules = (
			);
			dependencies = (
			);
			name = "Demo-XMPP-iOS";
			productName = "Demo-XMPP-iOS";
			productReference = DA91748A1B6249AD009E3AF8 /* Demo-XMPP-iOS.app */;
			productType = "com.apple.product-type.application";
		};
		DA9174A21B6249AD009E3AF8 /* Demo-XMPP-iOSTests */ = {
			isa = PBXNativeTarget;
			buildConfigurationList = DA9174B01B6249AD009E3AF8 /* Build configuration list for PBXNativeTarget "Demo-XMPP-iOSTests" */;
			buildPhases = (
				DA91749F1B6249AD009E3AF8 /* Sources */,
				DA9174A01B6249AD009E3AF8 /* Frameworks */,
				DA9174A11B6249AD009E3AF8 /* Resources */,
			);
			buildRules = (
			);
			dependencies = (
				DA9174A51B6249AD009E3AF8 /* PBXTargetDependency */,
			);
			name = "Demo-XMPP-iOSTests";
			productName = "Demo-XMPP-iOSTests";
			productReference = DA9174A31B6249AD009E3AF8 /* Demo-XMPP-iOSTests.xctest */;
			productType = "com.apple.product-type.bundle.unit-test";
		};
/* End PBXNativeTarget section */

/* Begin PBXProject section */
		DA9174821B6249AD009E3AF8 /* Project object */ = {
			isa = PBXProject;
			attributes = {
				LastUpgradeCheck = 0640;
				ORGANIZATIONNAME = ProcessOne;
				TargetAttributes = {
					DA9174891B6249AD009E3AF8 = {
						CreatedOnToolsVersion = 6.4;
					};
					DA9174A21B6249AD009E3AF8 = {
						CreatedOnToolsVersion = 6.4;
						TestTargetID = DA9174891B6249AD009E3AF8;
					};
				};
			};
			buildConfigurationList = DA9174851B6249AD009E3AF8 /* Build configuration list for PBXProject "Demo-XMPP-iOS" */;
			compatibilityVersion = "Xcode 3.2";
			developmentRegion = English;
			hasScannedForEncodings = 0;
			knownRegions = (
				en,
				Base,
			);
			mainGroup = DA9174811B6249AD009E3AF8;
			productRefGroup = DA91748B1B6249AD009E3AF8 /* Products */;
			projectDirPath = "";
			projectRoot = "";
			targets = (
				DA9174891B6249AD009E3AF8 /* Demo-XMPP-iOS */,
				DA9174A21B6249AD009E3AF8 /* Demo-XMPP-iOSTests */,
			);
		};
/* End PBXProject section */

/* Begin PBXResourcesBuildPhase section */
		DA9174881B6249AD009E3AF8 /* Resources */ = {
			isa = PBXResourcesBuildPhase;
			buildActionMask = 2147483647;
			files = (
				DA9174991B6249AD009E3AF8 /* Main.storyboard in Resources */,
				DA91749E1B6249AD009E3AF8 /* LaunchScreen.xib in Resources */,
				DA91749B1B6249AD009E3AF8 /* Images.xcassets in Resources */,
			);
			runOnlyForDeploymentPostprocessing = 0;
		};
		DA9174A11B6249AD009E3AF8 /* Resources */ = {
			isa = PBXResourcesBuildPhase;
			buildActionMask = 2147483647;
			files = (
			);
			runOnlyForDeploymentPostprocessing = 0;
		};
/* End PBXResourcesBuildPhase section */

/* Begin PBXShellScriptBuildPhase section */
		7B586E8C9E8BA25535C022CE /* Copy Pods Resources */ = {
			isa = PBXShellScriptBuildPhase;
			buildActionMask = 2147483647;
			files = (
			);
			inputPaths = (
			);
			name = "Copy Pods Resources";
			outputPaths = (
			);
			runOnlyForDeploymentPostprocessing = 0;
			shellPath = /bin/sh;
			shellScript = "\"${SRCROOT}/Pods/Target Support Files/Pods-Demo-XMPP-iOS/Pods-Demo-XMPP-iOS-resources.sh\"\n";
			showEnvVarsInLog = 0;
		};
		D97D739B0924742C83323581 /* Embed Pods Frameworks */ = {
			isa = PBXShellScriptBuildPhase;
			buildActionMask = 2147483647;
			files = (
			);
			inputPaths = (
			);
			name = "Embed Pods Frameworks";
			outputPaths = (
			);
			runOnlyForDeploymentPostprocessing = 0;
			shellPath = /bin/sh;
			shellScript = "\"${SRCROOT}/Pods/Target Support Files/Pods-Demo-XMPP-iOS/Pods-Demo-XMPP-iOS-frameworks.sh\"\n";
			showEnvVarsInLog = 0;
		};
		E8297025083C07D3C453143A /* Check Pods Manifest.lock */ = {
			isa = PBXShellScriptBuildPhase;
			buildActionMask = 2147483647;
			files = (
			);
			inputPaths = (
			);
			name = "Check Pods Manifest.lock";
			outputPaths = (
			);
			runOnlyForDeploymentPostprocessing = 0;
			shellPath = /bin/sh;
			shellScript = "diff \"${PODS_ROOT}/../Podfile.lock\" \"${PODS_ROOT}/Manifest.lock\" > /dev/null\nif [[ $? != 0 ]] ; then\n    cat << EOM\nerror: The sandbox is not in sync with the Podfile.lock. Run 'pod install' or update your CocoaPods installation.\nEOM\n    exit 1\nfi\n";
			showEnvVarsInLog = 0;
		};
/* End PBXShellScriptBuildPhase section */

/* Begin PBXSourcesBuildPhase section */
		DA9174861B6249AD009E3AF8 /* Sources */ = {
			isa = PBXSourcesBuildPhase;
			buildActionMask = 2147483647;
			files = (
				DA9174B71B624DAF009E3AF8 /* HomeTableViewController.m in Sources */,
				DA9174931B6249AD009E3AF8 /* AppDelegate.m in Sources */,
				DA9174901B6249AD009E3AF8 /* main.m in Sources */,
				DA9174B81B624DAF009E3AF8 /* LoginViewController.m in Sources */,
			);
			runOnlyForDeploymentPostprocessing = 0;
		};
		DA91749F1B6249AD009E3AF8 /* Sources */ = {
			isa = PBXSourcesBuildPhase;
			buildActionMask = 2147483647;
			files = (
				DA9174AA1B6249AD009E3AF8 /* Demo_XMPP_iOSTests.m in Sources */,
			);
			runOnlyForDeploymentPostprocessing = 0;
		};
/* End PBXSourcesBuildPhase section */

/* Begin PBXTargetDependency section */
		DA9174A51B6249AD009E3AF8 /* PBXTargetDependency */ = {
			isa = PBXTargetDependency;
			target = DA9174891B6249AD009E3AF8 /* Demo-XMPP-iOS */;
			targetProxy = DA9174A41B6249AD009E3AF8 /* PBXContainerItemProxy */;
		};
/* End PBXTargetDependency section */

/* Begin PBXVariantGroup section */
		DA9174971B6249AD009E3AF8 /* Main.storyboard */ = {
			isa = PBXVariantGroup;
			children = (
				DA9174981B6249AD009E3AF8 /* Base */,
			);
			name = Main.storyboard;
			sourceTree = "<group>";
		};
		DA91749C1B6249AD009E3AF8 /* LaunchScreen.xib */ = {
			isa = PBXVariantGroup;
			children = (
				DA91749D1B6249AD009E3AF8 /* Base */,
			);
			name = LaunchScreen.xib;
			sourceTree = "<group>";
		};
/* End PBXVariantGroup section */

/* Begin XCBuildConfiguration section */
		DA9174AB1B6249AD009E3AF8 /* Debug */ = {
			isa = XCBuildConfiguration;
			buildSettings = {
				ALWAYS_SEARCH_USER_PATHS = NO;
				CLANG_CXX_LANGUAGE_STANDARD = "gnu++0x";
				CLANG_CXX_LIBRARY = "libc++";
				CLANG_ENABLE_MODULES = YES;
				CLANG_ENABLE_OBJC_ARC = YES;
				CLANG_WARN_BOOL_CONVERSION = YES;
				CLANG_WARN_CONSTANT_CONVERSION = YES;
				CLANG_WARN_DIRECT_OBJC_ISA_USAGE = YES_ERROR;
				CLANG_WARN_EMPTY_BODY = YES;
				CLANG_WARN_ENUM_CONVERSION = YES;
				CLANG_WARN_INT_CONVERSION = YES;
				CLANG_WARN_OBJC_ROOT_CLASS = YES_ERROR;
				CLANG_WARN_UNREACHABLE_CODE = YES;
				CLANG_WARN__DUPLICATE_METHOD_MATCH = YES;
				"CODE_SIGN_IDENTITY[sdk=iphoneos*]" = "iPhone Developer";
				COPY_PHASE_STRIP = NO;
				DEBUG_INFORMATION_FORMAT = "dwarf-with-dsym";
				ENABLE_STRICT_OBJC_MSGSEND = YES;
				GCC_C_LANGUAGE_STANDARD = gnu99;
				GCC_DYNAMIC_NO_PIC = NO;
				GCC_NO_COMMON_BLOCKS = YES;
				GCC_OPTIMIZATION_LEVEL = 0;
				GCC_PREPROCESSOR_DEFINITIONS = (
					"DEBUG=1",
					"$(inherited)",
				);
				GCC_SYMBOLS_PRIVATE_EXTERN = NO;
				GCC_WARN_64_TO_32_BIT_CONVERSION = YES;
				GCC_WARN_ABOUT_RETURN_TYPE = YES_ERROR;
				GCC_WARN_UNDECLARED_SELECTOR = YES;
				GCC_WARN_UNINITIALIZED_AUTOS = YES_AGGRESSIVE;
				GCC_WARN_UNUSED_FUNCTION = YES;
				GCC_WARN_UNUSED_VARIABLE = YES;
				IPHONEOS_DEPLOYMENT_TARGET = 8.4;
				MTL_ENABLE_DEBUG_INFO = YES;
				ONLY_ACTIVE_ARCH = YES;
				SDKROOT = iphoneos;
				TARGETED_DEVICE_FAMILY = "1,2";
			};
			name = Debug;
		};
		DA9174AC1B6249AD009E3AF8 /* Release */ = {
			isa = XCBuildConfiguration;
			buildSettings = {
				ALWAYS_SEARCH_USER_PATHS = NO;
				CLANG_CXX_LANGUAGE_STANDARD = "gnu++0x";
				CLANG_CXX_LIBRARY = "libc++";
				CLANG_ENABLE_MODULES = YES;
				CLANG_ENABLE_OBJC_ARC = YES;
				CLANG_WARN_BOOL_CONVERSION = YES;
				CLANG_WARN_CONSTANT_CONVERSION = YES;
				CLANG_WARN_DIRECT_OBJC_ISA_USAGE = YES_ERROR;
				CLANG_WARN_EMPTY_BODY = YES;
				CLANG_WARN_ENUM_CONVERSION = YES;
				CLANG_WARN_INT_CONVERSION = YES;
				CLANG_WARN_OBJC_ROOT_CLASS = YES_ERROR;
				CLANG_WARN_UNREACHABLE_CODE = YES;
				CLANG_WARN__DUPLICATE_METHOD_MATCH = YES;
				"CODE_SIGN_IDENTITY[sdk=iphoneos*]" = "iPhone Developer";
				COPY_PHASE_STRIP = NO;
				DEBUG_INFORMATION_FORMAT = "dwarf-with-dsym";
				ENABLE_NS_ASSERTIONS = NO;
				ENABLE_STRICT_OBJC_MSGSEND = YES;
				GCC_C_LANGUAGE_STANDARD = gnu99;
				GCC_NO_COMMON_BLOCKS = YES;
				GCC_WARN_64_TO_32_BIT_CONVERSION = YES;
				GCC_WARN_ABOUT_RETURN_TYPE = YES_ERROR;
				GCC_WARN_UNDECLARED_SELECTOR = YES;
				GCC_WARN_UNINITIALIZED_AUTOS = YES_AGGRESSIVE;
				GCC_WARN_UNUSED_FUNCTION = YES;
				GCC_WARN_UNUSED_VARIABLE = YES;
				IPHONEOS_DEPLOYMENT_TARGET = 8.4;
				MTL_ENABLE_DEBUG_INFO = NO;
				SDKROOT = iphoneos;
				TARGETED_DEVICE_FAMILY = "1,2";
				VALIDATE_PRODUCT = YES;
			};
			name = Release;
		};
		DA9174AE1B6249AD009E3AF8 /* Debug */ = {
			isa = XCBuildConfiguration;
			baseConfigurationReference = 80FC0F308975C7C0BF3760AA /* Pods-Demo-XMPP-iOS.debug.xcconfig */;
			buildSettings = {
				ASSETCATALOG_COMPILER_APPICON_NAME = AppIcon;
				INFOPLIST_FILE = "Demo-XMPP-iOS/Info.plist";
				LD_RUNPATH_SEARCH_PATHS = "$(inherited) @executable_path/Frameworks";
				PRODUCT_NAME = "$(TARGET_NAME)";
			};
			name = Debug;
		};
		DA9174AF1B6249AD009E3AF8 /* Release */ = {
			isa = XCBuildConfiguration;
			baseConfigurationReference = 6745F71917135DB419E01493 /* Pods-Demo-XMPP-iOS.release.xcconfig */;
			buildSettings = {
				ASSETCATALOG_COMPILER_APPICON_NAME = AppIcon;
				INFOPLIST_FILE = "Demo-XMPP-iOS/Info.plist";
				LD_RUNPATH_SEARCH_PATHS = "$(inherited) @executable_path/Frameworks";
				PRODUCT_NAME = "$(TARGET_NAME)";
			};
			name = Release;
		};
		DA9174B11B6249AD009E3AF8 /* Debug */ = {
			isa = XCBuildConfiguration;
			buildSettings = {
				BUNDLE_LOADER = "$(TEST_HOST)";
				FRAMEWORK_SEARCH_PATHS = (
					"$(SDKROOT)/Developer/Library/Frameworks",
					"$(inherited)",
				);
				GCC_PREPROCESSOR_DEFINITIONS = (
					"DEBUG=1",
					"$(inherited)",
				);
				INFOPLIST_FILE = "Demo-XMPP-iOSTests/Info.plist";
				LD_RUNPATH_SEARCH_PATHS = "$(inherited) @executable_path/Frameworks @loader_path/Frameworks";
				PRODUCT_NAME = "$(TARGET_NAME)";
				TEST_HOST = "$(BUILT_PRODUCTS_DIR)/Demo-XMPP-iOS.app/Demo-XMPP-iOS";
			};
			name = Debug;
		};
		DA9174B21B6249AD009E3AF8 /* Release */ = {
			isa = XCBuildConfiguration;
			buildSettings = {
				BUNDLE_LOADER = "$(TEST_HOST)";
				FRAMEWORK_SEARCH_PATHS = (
					"$(SDKROOT)/Developer/Library/Frameworks",
					"$(inherited)",
				);
				INFOPLIST_FILE = "Demo-XMPP-iOSTests/Info.plist";
				LD_RUNPATH_SEARCH_PATHS = "$(inherited) @executable_path/Frameworks @loader_path/Frameworks";
				PRODUCT_NAME = "$(TARGET_NAME)";
				TEST_HOST = "$(BUILT_PRODUCTS_DIR)/Demo-XMPP-iOS.app/Demo-XMPP-iOS";
			};
			name = Release;
		};
/* End XCBuildConfiguration section */

/* Begin XCConfigurationList section */
		DA9174851B6249AD009E3AF8 /* Build configuration list for PBXProject "Demo-XMPP-iOS" */ = {
			isa = XCConfigurationList;
			buildConfigurations = (
				DA9174AB1B6249AD009E3AF8 /* Debug */,
				DA9174AC1B6249AD009E3AF8 /* Release */,
			);
			defaultConfigurationIsVisible = 0;
			defaultConfigurationName = Release;
		};
		DA9174AD1B6249AD009E3AF8 /* Build configuration list for PBXNativeTarget "Demo-XMPP-iOS" */ = {
			isa = XCConfigurationList;
			buildConfigurations = (
				DA9174AE1B6249AD009E3AF8 /* Debug */,
				DA9174AF1B6249AD009E3AF8 /* Release */,
			);
			defaultConfigurationIsVisible = 0;
			defaultConfigurationName = Release;
		};
		DA9174B01B6249AD009E3AF8 /* Build configuration list for PBXNativeTarget "Demo-XMPP-iOSTests" */ = {
			isa = XCConfigurationList;
			buildConfigurations = (
				DA9174B11B6249AD009E3AF8 /* Debug */,
				DA9174B21B6249AD009E3AF8 /* Release */,
			);
			defaultConfigurationIsVisible = 0;
			defaultConfigurationName = Release;
		};
/* End XCConfigurationList section */
	};
	rootObject = DA9174821B6249AD009E3AF8 /* Project object */;
}
